// !$*UTF8*$!
{
	archiveVersion = 1;
	classes = {
	};
	objectVersion = 50;
	objects = {

/* Begin PBXBuildFile section */
		ACA7D29623C3A6E90088EABC /* PageViewController.swift in Sources */ = {isa = PBXBuildFile; fileRef = ACA7D29523C3A6E90088EABC /* PageViewController.swift */; };
		ACA7D29823C3ADD10088EABC /* GreenViewController.swift in Sources */ = {isa = PBXBuildFile; fileRef = ACA7D29723C3ADD10088EABC /* GreenViewController.swift */; };
		ACBBACE623C322670028447F /* AppDelegate.swift in Sources */ = {isa = PBXBuildFile; fileRef = ACBBACE523C322670028447F /* AppDelegate.swift */; };
		ACBBACE823C322670028447F /* SceneDelegate.swift in Sources */ = {isa = PBXBuildFile; fileRef = ACBBACE723C322670028447F /* SceneDelegate.swift */; };
		ACBBACEA23C322670028447F /* ViewController.swift in Sources */ = {isa = PBXBuildFile; fileRef = ACBBACE923C322670028447F /* ViewController.swift */; };
		ACBBACED23C322670028447F /* Main.storyboard in Resources */ = {isa = PBXBuildFile; fileRef = ACBBACEB23C322670028447F /* Main.storyboard */; };
		ACBBACEF23C322680028447F /* Assets.xcassets in Resources */ = {isa = PBXBuildFile; fileRef = ACBBACEE23C322680028447F /* Assets.xcassets */; };
		ACBBACF223C322680028447F /* LaunchScreen.storyboard in Resources */ = {isa = PBXBuildFile; fileRef = ACBBACF023C322680028447F /* LaunchScreen.storyboard */; };
/* End PBXBuildFile section */

/* Begin PBXFileReference section */
		ACA7D29523C3A6E90088EABC /* PageViewController.swift */ = {isa = PBXFileReference; lastKnownFileType = sourcecode.swift; path = PageViewController.swift; sourceTree = "<group>"; };
		ACA7D29723C3ADD10088EABC /* GreenViewController.swift */ = {isa = PBXFileReference; lastKnownFileType = sourcecode.swift; path = GreenViewController.swift; sourceTree = "<group>"; };
		ACBBACE223C322670028447F /* ViewsAndNavigationControls.app */ = {isa = PBXFileReference; explicitFileType = wrapper.application; includeInIndex = 0; path = ViewsAndNavigationControls.app; sourceTree = BUILT_PRODUCTS_DIR; };
		ACBBACE523C322670028447F /* AppDelegate.swift */ = {isa = PBXFileReference; lastKnownFileType = sourcecode.swift; path = AppDelegate.swift; sourceTree = "<group>"; };
		ACBBACE723C322670028447F /* SceneDelegate.swift */ = {isa = PBXFileReference; lastKnownFileType = sourcecode.swift; path = SceneDelegate.swift; sourceTree = "<group>"; };
		ACBBACE923C322670028447F /* ViewController.swift */ = {isa = PBXFileReference; lastKnownFileType = sourcecode.swift; path = ViewController.swift; sourceTree = "<group>"; };
		ACBBACEC23C322670028447F /* Base */ = {isa = PBXFileReference; lastKnownFileType = file.storyboard; name = Base; path = Base.lproj/Main.storyboard; sourceTree = "<group>"; };
		ACBBACEE23C322680028447F /* Assets.xcassets */ = {isa = PBXFileReference; lastKnownFileType = folder.assetcatalog; path = Assets.xcassets; sourceTree = "<group>"; };
		ACBBACF123C322680028447F /* Base */ = {isa = PBXFileReference; lastKnownFileType = file.storyboard; name = Base; path = Base.lproj/LaunchScreen.storyboard; sourceTree = "<group>"; };
		ACBBACF323C322680028447F /* Info.plist */ = {isa = PBXFileReference; lastKnownFileType = text.plist.xml; path = Info.plist; sourceTree = "<group>"; };
/* End PBXFileReference section */

/* Begin PBXFrameworksBuildPhase section */
		ACBBACDF23C322670028447F /* Frameworks */ = {
			isa = PBXFrameworksBuildPhase;
			buildActionMask = 2147483647;
			files = (
			);
			runOnlyForDeploymentPostprocessing = 0;
		};
/* End PBXFrameworksBuildPhase section */

/* Begin PBXGroup section */
		ACBBACD923C322670028447F = {
			isa = PBXGroup;
			children = (
				ACBBACE423C322670028447F /* ViewsAndNavigationControls */,
				ACBBACE323C322670028447F /* Products */,
			);
			sourceTree = "<group>";
		};
		ACBBACE323C322670028447F /* Products */ = {
			isa = PBXGroup;
			children = (
				ACBBACE223C322670028447F /* ViewsAndNavigationControls.app */,
			);
			name = Products;
			sourceTree = "<group>";
		};
		ACBBACE423C322670028447F /* ViewsAndNavigationControls */ = {
			isa = PBXGroup;
			children = (
				ACBBACE523C322670028447F /* AppDelegate.swift */,
				ACBBACE723C322670028447F /* SceneDelegate.swift */,
				ACBBACE923C322670028447F /* ViewController.swift */,
				ACBBACEB23C322670028447F /* Main.storyboard */,
				ACBBACEE23C322680028447F /* Assets.xcassets */,
				ACBBACF023C322680028447F /* LaunchScreen.storyboard */,
				ACBBACF323C322680028447F /* Info.plist */,
				ACA7D29523C3A6E90088EABC /* PageViewController.swift */,
				ACA7D29723C3ADD10088EABC /* GreenViewController.swift */,
			);
			path = ViewsAndNavigationControls;
			sourceTree = "<group>";
		};
/* End PBXGroup section */

/* Begin PBXNativeTarget section */
		ACBBACE123C322670028447F /* ViewsAndNavigationControls */ = {
			isa = PBXNativeTarget;
			buildConfigurationList = ACBBACF623C322680028447F /* Build configuration list for PBXNativeTarget "ViewsAndNavigationControls" */;
			buildPhases = (
				ACBBACDE23C322670028447F /* Sources */,
				ACBBACDF23C322670028447F /* Frameworks */,
				ACBBACE023C322670028447F /* Resources */,
			);
			buildRules = (
			);
			dependencies = (
			);
			name = ViewsAndNavigationControls;
			productName = ViewsAndNavigationControls;
			productReference = ACBBACE223C322670028447F /* ViewsAndNavigationControls.app */;
			productType = "com.apple.product-type.application";
		};
/* End PBXNativeTarget section */

/* Begin PBXProject section */
		ACBBACDA23C322670028447F /* Project object */ = {
			isa = PBXProject;
			attributes = {
				LastSwiftUpdateCheck = 1130;
				LastUpgradeCheck = 1130;
				ORGANIZATIONNAME = MoureDev;
				TargetAttributes = {
					ACBBACE123C322670028447F = {
						CreatedOnToolsVersion = 11.3;
					};
				};
			};
			buildConfigurationList = ACBBACDD23C322670028447F /* Build configuration list for PBXProject "ViewsAndNavigationControls" */;
			compatibilityVersion = "Xcode 9.3";
			developmentRegion = en;
			hasScannedForEncodings = 0;
			knownRegions = (
				en,
				Base,
			);
			mainGroup = ACBBACD923C322670028447F;
			productRefGroup = ACBBACE323C322670028447F /* Products */;
			projectDirPath = "";
			projectRoot = "";
			targets = (
				ACBBACE123C322670028447F /* ViewsAndNavigationControls */,
			);
		};
/* End PBXProject section */

/* Begin PBXResourcesBuildPhase section */
		ACBBACE023C322670028447F /* Resources */ = {
			isa = PBXResourcesBuildPhase;
			buildActionMask = 2147483647;
			files = (
				ACBBACF223C322680028447F /* LaunchScreen.storyboard in Resources */,
				ACBBACEF23C322680028447F /* Assets.xcassets in Resources */,
				ACBBACED23C322670028447F /* Main.storyboard in Resources */,
			);
			runOnlyForDeploymentPostprocessing = 0;
		};
/* End PBXResourcesBuildPhase section */

/* Begin PBXSourcesBuildPhase section */
		ACBBACDE23C322670028447F /* Sources */ = {
			isa = PBXSourcesBuildPhase;
			buildActionMask = 2147483647;
			files = (
				ACBBACEA23C322670028447F /* ViewController.swift in Sources */,
				ACBBACE623C322670028447F /* AppDelegate.swift in Sources */,
				ACBBACE823C322670028447F /* SceneDelegate.swift in Sources */,
				ACA7D29623C3A6E90088EABC /* PageViewController.swift in Sources */,
				ACA7D29823C3ADD10088EABC /* GreenViewController.swift in Sources */,
			);
			runOnlyForDeploymentPostprocessing = 0;
		};
/* End PBXSourcesBuildPhase section */

/* Begin PBXVariantGroup section */
		ACBBACEB23C322670028447F /* Main.storyboard */ = {
			isa = PBXVariantGroup;
			children = (
				ACBBACEC23C322670028447F /* Base */,
			);
			name = Main.storyboard;
			sourceTree = "<group>";
		};
		ACBBACF023C322680028447F /* LaunchScreen.storyboard */ = {
			isa = PBXVariantGroup;
			children = (
				ACBBACF123C322680028447F /* Base */,
			);
			name = LaunchScreen.storyboard;
			sourceTree = "<group>";
		};
/* End PBXVariantGroup section */

/* Begin XCBuildConfiguration section */
		ACBBACF423C322680028447F /* Debug */ = {
			isa = XCBuildConfiguration;
			buildSettings = {
				ALWAYS_SEARCH_USER_PATHS = NO;
				CLANG_ANALYZER_NONNULL = YES;
				CLANG_ANALYZER_NUMBER_OBJECT_CONVERSION = YES_AGGRESSIVE;
				CLANG_CXX_LANGUAGE_STANDARD = "gnu++14";
				CLANG_CXX_LIBRARY = "libc++";
				CLANG_ENABLE_MODULES = YES;
				CLANG_ENABLE_OBJC_ARC = YES;
				CLANG_ENABLE_OBJC_WEAK = YES;
				CLANG_WARN_BLOCK_CAPTURE_AUTORELEASING = YES;
				CLANG_WARN_BOOL_CONVERSION = YES;
				CLANG_WARN_COMMA = YES;
				CLANG_WARN_CONSTANT_CONVERSION = YES;
				CLANG_WARN_DEPRECATED_OBJC_IMPLEMENTATIONS = YES;
				CLANG_WARN_DIRECT_OBJC_ISA_USAGE = YES_ERROR;
				CLANG_WARN_DOCUMENTATION_COMMENTS = YES;
				CLANG_WARN_EMPTY_BODY = YES;
				CLANG_WARN_ENUM_CONVERSION = YES;
				CLANG_WARN_INFINITE_RECURSION = YES;
				CLANG_WARN_INT_CONVERSION = YES;
				CLANG_WARN_NON_LITERAL_NULL_CONVERSION = YES;
				CLANG_WARN_OBJC_IMPLICIT_RETAIN_SELF = YES;
				CLANG_WARN_OBJC_LITERAL_CONVERSION = YES;
				CLANG_WARN_OBJC_ROOT_CLASS = YES_ERROR;
				CLANG_WARN_RANGE_LOOP_ANALYSIS = YES;
				CLANG_WARN_STRICT_PROTOTYPES = YES;
				CLANG_WARN_SUSPICIOUS_MOVE = YES;
				CLANG_WARN_UNGUARDED_AVAILABILITY = YES_AGGRESSIVE;
				CLANG_WARN_UNREACHABLE_CODE = YES;
				CLANG_WARN__DUPLICATE_METHOD_MATCH = YES;
				COPY_PHASE_STRIP = NO;
				DEBUG_INFORMATION_FORMAT = dwarf;
				ENABLE_STRICT_OBJC_MSGSEND = YES;
				ENABLE_TESTABILITY = YES;
				GCC_C_LANGUAGE_STANDARD = gnu11;
				GCC_DYNAMIC_NO_PIC = NO;
				GCC_NO_COMMON_BLOCKS = YES;
				GCC_OPTIMIZATION_LEVEL = 0;
				GCC_PREPROCESSOR_DEFINITIONS = (
					"DEBUG=1",
					"$(inherited)",
				);
				GCC_WARN_64_TO_32_BIT_CONVERSION = YES;
				GCC_WARN_ABOUT_RETURN_TYPE = YES_ERROR;
				GCC_WARN_UNDECLARED_SELECTOR = YES;
				GCC_WARN_UNINITIALIZED_AUTOS = YES_AGGRESSIVE;
				GCC_WARN_UNUSED_FUNCTION = YES;
				GCC_WARN_UNUSED_VARIABLE = YES;
				IPHONEOS_DEPLOYMENT_TARGET = 13.2;
				MTL_ENABLE_DEBUG_INFO = INCLUDE_SOURCE;
				MTL_FAST_MATH = YES;
				ONLY_ACTIVE_ARCH = YES;
				SDKROOT = iphoneos;
				SWIFT_ACTIVE_COMPILATION_CONDITIONS = DEBUG;
				SWIFT_OPTIMIZATION_LEVEL = "-Onone";
			};
			name = Debug;
		};
		ACBBACF523C322680028447F /* Release */ = {
			isa = XCBuildConfiguration;
			buildSettings = {
				ALWAYS_SEARCH_USER_PATHS = NO;
				CLANG_ANALYZER_NONNULL = YES;
				CLANG_ANALYZER_NUMBER_OBJECT_CONVERSION = YES_AGGRESSIVE;
				CLANG_CXX_LANGUAGE_STANDARD = "gnu++14";
				CLANG_CXX_LIBRARY = "libc++";
				CLANG_ENABLE_MODULES = YES;
				CLANG_ENABLE_OBJC_ARC = YES;
				CLANG_ENABLE_OBJC_WEAK = YES;
				CLANG_WARN_BLOCK_CAPTURE_AUTORELEASING = YES;
				CLANG_WARN_BOOL_CONVERSION = YES;
				CLANG_WARN_COMMA = YES;
				CLANG_WARN_CONSTANT_CONVERSION = YES;
				CLANG_WARN_DEPRECATED_OBJC_IMPLEMENTATIONS = YES;
				CLANG_WARN_DIRECT_OBJC_ISA_USAGE = YES_ERROR;
				CLANG_WARN_DOCUMENTATION_COMMENTS = YES;
				CLANG_WARN_EMPTY_BODY = YES;
				CLANG_WARN_ENUM_CONVERSION = YES;
				CLANG_WARN_INFINITE_RECURSION = YES;
				CLANG_WARN_INT_CONVERSION = YES;
				CLANG_WARN_NON_LITERAL_NULL_CONVERSION = YES;
				CLANG_WARN_OBJC_IMPLICIT_RETAIN_SELF = YES;
				CLANG_WARN_OBJC_LITERAL_CONVERSION = YES;
				CLANG_WARN_OBJC_ROOT_CLASS = YES_ERROR;
				CLANG_WARN_RANGE_LOOP_ANALYSIS = YES;
				CLANG_WARN_STRICT_PROTOTYPES = YES;
				CLANG_WARN_SUSPICIOUS_MOVE = YES;
				CLANG_WARN_UNGUARDED_AVAILABILITY = YES_AGGRESSIVE;
				CLANG_WARN_UNREACHABLE_CODE = YES;
				CLANG_WARN__DUPLICATE_METHOD_MATCH = YES;
				COPY_PHASE_STRIP = NO;
				DEBUG_INFORMATION_FORMAT = "dwarf-with-dsym";
				ENABLE_NS_ASSERTIONS = NO;
				ENABLE_STRICT_OBJC_MSGSEND = YES;
				GCC_C_LANGUAGE_STANDARD = gnu11;
				GCC_NO_COMMON_BLOCKS = YES;
				GCC_WARN_64_TO_32_BIT_CONVERSION = YES;
				GCC_WARN_ABOUT_RETURN_TYPE = YES_ERROR;
				GCC_WARN_UNDECLARED_SELECTOR = YES;
				GCC_WARN_UNINITIALIZED_AUTOS = YES_AGGRESSIVE;
				GCC_WARN_UNUSED_FUNCTION = YES;
				GCC_WARN_UNUSED_VARIABLE = YES;
				IPHONEOS_DEPLOYMENT_TARGET = 13.2;
				MTL_ENABLE_DEBUG_INFO = NO;
				MTL_FAST_MATH = YES;
				SDKROOT = iphoneos;
				SWIFT_COMPILATION_MODE = wholemodule;
				SWIFT_OPTIMIZATION_LEVEL = "-O";
				VALIDATE_PRODUCT = YES;
			};
			name = Release;
		};
		ACBBACF723C322680028447F /* Debug */ = {
			isa = XCBuildConfiguration;
			buildSettings = {
				ASSETCATALOG_COMPILER_APPICON_NAME = AppIcon;
				CODE_SIGN_STYLE = Automatic;
				DEVELOPMENT_TEAM = TW5ALJNBYM;
				INFOPLIST_FILE = ViewsAndNavigationControls/Info.plist;
				IPHONEOS_DEPLOYMENT_TARGET = 17.4;
				LD_RUNPATH_SEARCH_PATHS = (
					"$(inherited)",
					"@executable_path/Frameworks",
				);
				PRODUCT_BUNDLE_IDENTIFIER = com.KontrolDesignStudio.ViewAndNavigationControl;
				PRODUCT_NAME = "$(TARGET_NAME)";
				SWIFT_VERSION = 5.0;
				TARGETED_DEVICE_FAMILY = "1,2";
			};
			name = Debug;
		};
		ACBBACF823C322680028447F /* Release */ = {
			isa = XCBuildConfiguration;
			buildSettings = {
				ASSETCATALOG_COMPILER_APPICON_NAME = AppIcon;
				CODE_SIGN_STYLE = Automatic;
				DEVELOPMENT_TEAM = TW5ALJNBYM;
				INFOPLIST_FILE = ViewsAndNavigationControls/Info.plist;
				IPHONEOS_DEPLOYMENT_TARGET = 17.4;
				LD_RUNPATH_SEARCH_PATHS = (
					"$(inherited)",
					"@executable_path/Frameworks",
				);
				PRODUCT_BUNDLE_IDENTIFIER = com.KontrolDesignStudio.ViewAndNavigationControl;
				PRODUCT_NAME = "$(TARGET_NAME)";
				SWIFT_VERSION = 5.0;
				TARGETED_DEVICE_FAMILY = "1,2";
			};
			name = Release;
		};
/* End XCBuildConfiguration section */

/* Begin XCConfigurationList section */
		ACBBACDD23C322670028447F /* Build configuration list for PBXProject "ViewsAndNavigationControls" */ = {
			isa = XCConfigurationList;
			buildConfigurations = (
				ACBBACF423C322680028447F /* Debug */,
				ACBBACF523C322680028447F /* Release */,
			);
			defaultConfigurationIsVisible = 0;
			defaultConfigurationName = Release;
		};
		ACBBACF623C322680028447F /* Build configuration list for PBXNativeTarget "ViewsAndNavigationControls" */ = {
			isa = XCConfigurationList;
			buildConfigurations = (
				ACBBACF723C322680028447F /* Debug */,
				ACBBACF823C322680028447F /* Release */,
			);
			defaultConfigurationIsVisible = 0;
			defaultConfigurationName = Release;
		};
/* End XCConfigurationList section */
	};
	rootObject = ACBBACDA23C322670028447F /* Project object */;
}
